// !$*UTF8*$!
{
	archiveVersion = 1;
	classes = {
	};
	objectVersion = 56;
	objects = {

/* Begin PBXBuildFile section */
		3C12055129E8263500CF0356 /* AppDelegate.swift in Sources */ = {isa = PBXBuildFile; fileRef = 3C12055029E8263500CF0356 /* AppDelegate.swift */; };
		3C12055329E8263500CF0356 /* SceneDelegate.swift in Sources */ = {isa = PBXBuildFile; fileRef = 3C12055229E8263500CF0356 /* SceneDelegate.swift */; };
		3C12055529E8263500CF0356 /* ViewController.swift in Sources */ = {isa = PBXBuildFile; fileRef = 3C12055429E8263500CF0356 /* ViewController.swift */; };
		3C12055829E8263500CF0356 /* Main.storyboard in Resources */ = {isa = PBXBuildFile; fileRef = 3C12055629E8263500CF0356 /* Main.storyboard */; };
		3C12055A29E8263600CF0356 /* Assets.xcassets in Resources */ = {isa = PBXBuildFile; fileRef = 3C12055929E8263600CF0356 /* Assets.xcassets */; };
		3C12055D29E8263600CF0356 /* LaunchScreen.storyboard in Resources */ = {isa = PBXBuildFile; fileRef = 3C12055B29E8263600CF0356 /* LaunchScreen.storyboard */; };
		3C12056829E8263600CF0356 /* chatgptTests.swift in Sources */ = {isa = PBXBuildFile; fileRef = 3C12056729E8263600CF0356 /* chatgptTests.swift */; };
		3C12057229E8263600CF0356 /* chatgptUITests.swift in Sources */ = {isa = PBXBuildFile; fileRef = 3C12057129E8263600CF0356 /* chatgptUITests.swift */; };
		3C12057429E8263600CF0356 /* chatgptUITestsLaunchTests.swift in Sources */ = {isa = PBXBuildFile; fileRef = 3C12057329E8263600CF0356 /* chatgptUITestsLaunchTests.swift */; };
/* End PBXBuildFile section */

/* Begin PBXContainerItemProxy section */
		3C12056429E8263600CF0356 /* PBXContainerItemProxy */ = {
			isa = PBXContainerItemProxy;
			containerPortal = 3C12054529E8263500CF0356 /* Project object */;
			proxyType = 1;
			remoteGlobalIDString = 3C12054C29E8263500CF0356;
			remoteInfo = chatgpt;
		};
		3C12056E29E8263600CF0356 /* PBXContainerItemProxy */ = {
			isa = PBXContainerItemProxy;
			containerPortal = 3C12054529E8263500CF0356 /* Project object */;
			proxyType = 1;
			remoteGlobalIDString = 3C12054C29E8263500CF0356;
			remoteInfo = chatgpt;
		};
/* End PBXContainerItemProxy section */

/* Begin PBXFileReference section */
		3C12054D29E8263500CF0356 /* chatgpt.app */ = {isa = PBXFileReference; explicitFileType = wrapper.application; includeInIndex = 0; path = chatgpt.app; sourceTree = BUILT_PRODUCTS_DIR; };
		3C12055029E8263500CF0356 /* AppDelegate.swift */ = {isa = PBXFileReference; lastKnownFileType = sourcecode.swift; path = AppDelegate.swift; sourceTree = "<group>"; };
		3C12055229E8263500CF0356 /* SceneDelegate.swift */ = {isa = PBXFileReference; lastKnownFileType = sourcecode.swift; path = SceneDelegate.swift; sourceTree = "<group>"; };
		3C12055429E8263500CF0356 /* ViewController.swift */ = {isa = PBXFileReference; lastKnownFileType = sourcecode.swift; path = ViewController.swift; sourceTree = "<group>"; };
		3C12055729E8263500CF0356 /* Base */ = {isa = PBXFileReference; lastKnownFileType = file.storyboard; name = Base; path = Base.lproj/Main.storyboard; sourceTree = "<group>"; };
		3C12055929E8263600CF0356 /* Assets.xcassets */ = {isa = PBXFileReference; lastKnownFileType = folder.assetcatalog; path = Assets.xcassets; sourceTree = "<group>"; };
		3C12055C29E8263600CF0356 /* Base */ = {isa = PBXFileReference; lastKnownFileType = file.storyboard; name = Base; path = Base.lproj/LaunchScreen.storyboard; sourceTree = "<group>"; };
		3C12055E29E8263600CF0356 /* Info.plist */ = {isa = PBXFileReference; lastKnownFileType = text.plist.xml; path = Info.plist; sourceTree = "<group>"; };
		3C12056329E8263600CF0356 /* chatgptTests.xctest */ = {isa = PBXFileReference; explicitFileType = wrapper.cfbundle; includeInIndex = 0; path = chatgptTests.xctest; sourceTree = BUILT_PRODUCTS_DIR; };
		3C12056729E8263600CF0356 /* chatgptTests.swift */ = {isa = PBXFileReference; lastKnownFileType = sourcecode.swift; path = chatgptTests.swift; sourceTree = "<group>"; };
		3C12056D29E8263600CF0356 /* chatgptUITests.xctest */ = {isa = PBXFileReference; explicitFileType = wrapper.cfbundle; includeInIndex = 0; path = chatgptUITests.xctest; sourceTree = BUILT_PRODUCTS_DIR; };
		3C12057129E8263600CF0356 /* chatgptUITests.swift */ = {isa = PBXFileReference; lastKnownFileType = sourcecode.swift; path = chatgptUITests.swift; sourceTree = "<group>"; };
		3C12057329E8263600CF0356 /* chatgptUITestsLaunchTests.swift */ = {isa = PBXFileReference; lastKnownFileType = sourcecode.swift; path = chatgptUITestsLaunchTests.swift; sourceTree = "<group>"; };
/* End PBXFileReference section */

/* Begin PBXFrameworksBuildPhase section */
		3C12054A29E8263500CF0356 /* Frameworks */ = {
			isa = PBXFrameworksBuildPhase;
			buildActionMask = 2147483647;
			files = (
			);
			runOnlyForDeploymentPostprocessing = 0;
		};
		3C12056029E8263600CF0356 /* Frameworks */ = {
			isa = PBXFrameworksBuildPhase;
			buildActionMask = 2147483647;
			files = (
			);
			runOnlyForDeploymentPostprocessing = 0;
		};
		3C12056A29E8263600CF0356 /* Frameworks */ = {
			isa = PBXFrameworksBuildPhase;
			buildActionMask = 2147483647;
			files = (
			);
			runOnlyForDeploymentPostprocessing = 0;
		};
/* End PBXFrameworksBuildPhase section */

/* Begin PBXGroup section */
		3C12054429E8263500CF0356 = {
			isa = PBXGroup;
			children = (
				3C12054F29E8263500CF0356 /* chatgpt */,
				3C12056629E8263600CF0356 /* chatgptTests */,
				3C12057029E8263600CF0356 /* chatgptUITests */,
				3C12054E29E8263500CF0356 /* Products */,
			);
			sourceTree = "<group>";
		};
		3C12054E29E8263500CF0356 /* Products */ = {
			isa = PBXGroup;
			children = (
				3C12054D29E8263500CF0356 /* chatgpt.app */,
				3C12056329E8263600CF0356 /* chatgptTests.xctest */,
				3C12056D29E8263600CF0356 /* chatgptUITests.xctest */,
			);
			name = Products;
			sourceTree = "<group>";
		};
		3C12054F29E8263500CF0356 /* chatgpt */ = {
			isa = PBXGroup;
			children = (
				3C12055029E8263500CF0356 /* AppDelegate.swift */,
				3C12055229E8263500CF0356 /* SceneDelegate.swift */,
				3C12055429E8263500CF0356 /* ViewController.swift */,
				3C12055629E8263500CF0356 /* Main.storyboard */,
				3C12055929E8263600CF0356 /* Assets.xcassets */,
				3C12055B29E8263600CF0356 /* LaunchScreen.storyboard */,
				3C12055E29E8263600CF0356 /* Info.plist */,
			);
			path = chatgpt;
			sourceTree = "<group>";
		};
		3C12056629E8263600CF0356 /* chatgptTests */ = {
			isa = PBXGroup;
			children = (
				3C12056729E8263600CF0356 /* chatgptTests.swift */,
			);
			path = chatgptTests;
			sourceTree = "<group>";
		};
		3C12057029E8263600CF0356 /* chatgptUITests */ = {
			isa = PBXGroup;
			children = (
				3C12057129E8263600CF0356 /* chatgptUITests.swift */,
				3C12057329E8263600CF0356 /* chatgptUITestsLaunchTests.swift */,
			);
			path = chatgptUITests;
			sourceTree = "<group>";
		};
/* End PBXGroup section */

/* Begin PBXNativeTarget section */
		3C12054C29E8263500CF0356 /* chatgpt */ = {
			isa = PBXNativeTarget;
			buildConfigurationList = 3C12057729E8263600CF0356 /* Build configuration list for PBXNativeTarget "chatgpt" */;
			buildPhases = (
				3C12054929E8263500CF0356 /* Sources */,
				3C12054A29E8263500CF0356 /* Frameworks */,
				3C12054B29E8263500CF0356 /* Resources */,
			);
			buildRules = (
			);
			dependencies = (
			);
			name = chatgpt;
			productName = chatgpt;
			productReference = 3C12054D29E8263500CF0356 /* chatgpt.app */;
			productType = "com.apple.product-type.application";
		};
		3C12056229E8263600CF0356 /* chatgptTests */ = {
			isa = PBXNativeTarget;
			buildConfigurationList = 3C12057A29E8263600CF0356 /* Build configuration list for PBXNativeTarget "chatgptTests" */;
			buildPhases = (
				3C12055F29E8263600CF0356 /* Sources */,
				3C12056029E8263600CF0356 /* Frameworks */,
				3C12056129E8263600CF0356 /* Resources */,
			);
			buildRules = (
			);
			dependencies = (
				3C12056529E8263600CF0356 /* PBXTargetDependency */,
			);
			name = chatgptTests;
			productName = chatgptTests;
			productReference = 3C12056329E8263600CF0356 /* chatgptTests.xctest */;
			productType = "com.apple.product-type.bundle.unit-test";
		};
		3C12056C29E8263600CF0356 /* chatgptUITests */ = {
			isa = PBXNativeTarget;
			buildConfigurationList = 3C12057D29E8263600CF0356 /* Build configuration list for PBXNativeTarget "chatgptUITests" */;
			buildPhases = (
				3C12056929E8263600CF0356 /* Sources */,
				3C12056A29E8263600CF0356 /* Frameworks */,
				3C12056B29E8263600CF0356 /* Resources */,
			);
			buildRules = (
			);
			dependencies = (
				3C12056F29E8263600CF0356 /* PBXTargetDependency */,
			);
			name = chatgptUITests;
			productName = chatgptUITests;
			productReference = 3C12056D29E8263600CF0356 /* chatgptUITests.xctest */;
			productType = "com.apple.product-type.bundle.ui-testing";
		};
/* End PBXNativeTarget section */

/* Begin PBXProject section */
		3C12054529E8263500CF0356 /* Project object */ = {
			isa = PBXProject;
			attributes = {
				BuildIndependentTargetsInParallel = 1;
				LastSwiftUpdateCheck = 1400;
				LastUpgradeCheck = 1400;
				TargetAttributes = {
					3C12054C29E8263500CF0356 = {
						CreatedOnToolsVersion = 14.0;
					};
					3C12056229E8263600CF0356 = {
						CreatedOnToolsVersion = 14.0;
						TestTargetID = 3C12054C29E8263500CF0356;
					};
					3C12056C29E8263600CF0356 = {
						CreatedOnToolsVersion = 14.0;
						TestTargetID = 3C12054C29E8263500CF0356;
					};
				};
			};
			buildConfigurationList = 3C12054829E8263500CF0356 /* Build configuration list for PBXProject "chatgpt" */;
			compatibilityVersion = "Xcode 14.0";
			developmentRegion = en;
			hasScannedForEncodings = 0;
			knownRegions = (
				en,
				Base,
			);
			mainGroup = 3C12054429E8263500CF0356;
			productRefGroup = 3C12054E29E8263500CF0356 /* Products */;
			projectDirPath = "";
			projectRoot = "";
			targets = (
				3C12054C29E8263500CF0356 /* chatgpt */,
				3C12056229E8263600CF0356 /* chatgptTests */,
				3C12056C29E8263600CF0356 /* chatgptUITests */,
			);
		};
/* End PBXProject section */

/* Begin PBXResourcesBuildPhase section */
		3C12054B29E8263500CF0356 /* Resources */ = {
			isa = PBXResourcesBuildPhase;
			buildActionMask = 2147483647;
			files = (
				3C12055D29E8263600CF0356 /* LaunchScreen.storyboard in Resources */,
				3C12055A29E8263600CF0356 /* Assets.xcassets in Resources */,
				3C12055829E8263500CF0356 /* Main.storyboard in Resources */,
			);
			runOnlyForDeploymentPostprocessing = 0;
		};
		3C12056129E8263600CF0356 /* Resources */ = {
			isa = PBXResourcesBuildPhase;
			buildActionMask = 2147483647;
			files = (
			);
			runOnlyForDeploymentPostprocessing = 0;
		};
		3C12056B29E8263600CF0356 /* Resources */ = {
			isa = PBXResourcesBuildPhase;
			buildActionMask = 2147483647;
			files = (
			);
			runOnlyForDeploymentPostprocessing = 0;
		};
/* End PBXResourcesBuildPhase section */

/* Begin PBXSourcesBuildPhase section */
		3C12054929E8263500CF0356 /* Sources */ = {
			isa = PBXSourcesBuildPhase;
			buildActionMask = 2147483647;
			files = (
				3C12055529E8263500CF0356 /* ViewController.swift in Sources */,
				3C12055129E8263500CF0356 /* AppDelegate.swift in Sources */,
				3C12055329E8263500CF0356 /* SceneDelegate.swift in Sources */,
			);
			runOnlyForDeploymentPostprocessing = 0;
		};
		3C12055F29E8263600CF0356 /* Sources */ = {
			isa = PBXSourcesBuildPhase;
			buildActionMask = 2147483647;
			files = (
				3C12056829E8263600CF0356 /* chatgptTests.swift in Sources */,
			);
			runOnlyForDeploymentPostprocessing = 0;
		};
		3C12056929E8263600CF0356 /* Sources */ = {
			isa = PBXSourcesBuildPhase;
			buildActionMask = 2147483647;
			files = (
				3C12057429E8263600CF0356 /* chatgptUITestsLaunchTests.swift in Sources */,
				3C12057229E8263600CF0356 /* chatgptUITests.swift in Sources */,
			);
			runOnlyForDeploymentPostprocessing = 0;
		};
/* End PBXSourcesBuildPhase section */

/* Begin PBXTargetDependency section */
		3C12056529E8263600CF0356 /* PBXTargetDependency */ = {
			isa = PBXTargetDependency;
			target = 3C12054C29E8263500CF0356 /* chatgpt */;
			targetProxy = 3C12056429E8263600CF0356 /* PBXContainerItemProxy */;
		};
		3C12056F29E8263600CF0356 /* PBXTargetDependency */ = {
			isa = PBXTargetDependency;
			target = 3C12054C29E8263500CF0356 /* chatgpt */;
			targetProxy = 3C12056E29E8263600CF0356 /* PBXContainerItemProxy */;
		};
/* End PBXTargetDependency section */

/* Begin PBXVariantGroup section */
		3C12055629E8263500CF0356 /* Main.storyboard */ = {
			isa = PBXVariantGroup;
			children = (
				3C12055729E8263500CF0356 /* Base */,
			);
			name = Main.storyboard;
			sourceTree = "<group>";
		};
		3C12055B29E8263600CF0356 /* LaunchScreen.storyboard */ = {
			isa = PBXVariantGroup;
			children = (
				3C12055C29E8263600CF0356 /* Base */,
			);
			name = LaunchScreen.storyboard;
			sourceTree = "<group>";
		};
/* End PBXVariantGroup section */

/* Begin XCBuildConfiguration section */
		3C12057529E8263600CF0356 /* Debug */ = {
			isa = XCBuildConfiguration;
			buildSettings = {
				ALWAYS_SEARCH_USER_PATHS = NO;
				CLANG_ANALYZER_NONNULL = YES;
				CLANG_ANALYZER_NUMBER_OBJECT_CONVERSION = YES_AGGRESSIVE;
				CLANG_CXX_LANGUAGE_STANDARD = "gnu++20";
				CLANG_ENABLE_MODULES = YES;
				CLANG_ENABLE_OBJC_ARC = YES;
				CLANG_ENABLE_OBJC_WEAK = YES;
				CLANG_WARN_BLOCK_CAPTURE_AUTORELEASING = YES;
				CLANG_WARN_BOOL_CONVERSION = YES;
				CLANG_WARN_COMMA = YES;
				CLANG_WARN_CONSTANT_CONVERSION = YES;
				CLANG_WARN_DEPRECATED_OBJC_IMPLEMENTATIONS = YES;
				CLANG_WARN_DIRECT_OBJC_ISA_USAGE = YES_ERROR;
				CLANG_WARN_DOCUMENTATION_COMMENTS = YES;
				CLANG_WARN_EMPTY_BODY = YES;
				CLANG_WARN_ENUM_CONVERSION = YES;
				CLANG_WARN_INFINITE_RECURSION = YES;
				CLANG_WARN_INT_CONVERSION = YES;
				CLANG_WARN_NON_LITERAL_NULL_CONVERSION = YES;
				CLANG_WARN_OBJC_IMPLICIT_RETAIN_SELF = YES;
				CLANG_WARN_OBJC_LITERAL_CONVERSION = YES;
				CLANG_WARN_OBJC_ROOT_CLASS = YES_ERROR;
				CLANG_WARN_QUOTED_INCLUDE_IN_FRAMEWORK_HEADER = YES;
				CLANG_WARN_RANGE_LOOP_ANALYSIS = YES;
				CLANG_WARN_STRICT_PROTOTYPES = YES;
				CLANG_WARN_SUSPICIOUS_MOVE = YES;
				CLANG_WARN_UNGUARDED_AVAILABILITY = YES_AGGRESSIVE;
				CLANG_WARN_UNREACHABLE_CODE = YES;
				CLANG_WARN__DUPLICATE_METHOD_MATCH = YES;
				COPY_PHASE_STRIP = NO;
				DEBUG_INFORMATION_FORMAT = dwarf;
				ENABLE_STRICT_OBJC_MSGSEND = YES;
				ENABLE_TESTABILITY = YES;
				GCC_C_LANGUAGE_STANDARD = gnu11;
				GCC_DYNAMIC_NO_PIC = NO;
				GCC_NO_COMMON_BLOCKS = YES;
				GCC_OPTIMIZATION_LEVEL = 0;
				GCC_PREPROCESSOR_DEFINITIONS = (
					"DEBUG=1",
					"$(inherited)",
				);
				GCC_WARN_64_TO_32_BIT_CONVERSION = YES;
				GCC_WARN_ABOUT_RETURN_TYPE = YES_ERROR;
				GCC_WARN_UNDECLARED_SELECTOR = YES;
				GCC_WARN_UNINITIALIZED_AUTOS = YES_AGGRESSIVE;
				GCC_WARN_UNUSED_FUNCTION = YES;
				GCC_WARN_UNUSED_VARIABLE = YES;
				IPHONEOS_DEPLOYMENT_TARGET = 16.0;
				MTL_ENABLE_DEBUG_INFO = INCLUDE_SOURCE;
				MTL_FAST_MATH = YES;
				ONLY_ACTIVE_ARCH = YES;
				SDKROOT = iphoneos;
				SWIFT_ACTIVE_COMPILATION_CONDITIONS = DEBUG;
				SWIFT_OPTIMIZATION_LEVEL = "-Onone";
			};
			name = Debug;
		};
		3C12057629E8263600CF0356 /* Release */ = {
			isa = XCBuildConfiguration;
			buildSettings = {
				ALWAYS_SEARCH_USER_PATHS = NO;
				CLANG_ANALYZER_NONNULL = YES;
				CLANG_ANALYZER_NUMBER_OBJECT_CONVERSION = YES_AGGRESSIVE;
				CLANG_CXX_LANGUAGE_STANDARD = "gnu++20";
				CLANG_ENABLE_MODULES = YES;
				CLANG_ENABLE_OBJC_ARC = YES;
				CLANG_ENABLE_OBJC_WEAK = YES;
				CLANG_WARN_BLOCK_CAPTURE_AUTORELEASING = YES;
				CLANG_WARN_BOOL_CONVERSION = YES;
				CLANG_WARN_COMMA = YES;
				CLANG_WARN_CONSTANT_CONVERSION = YES;
				CLANG_WARN_DEPRECATED_OBJC_IMPLEMENTATIONS = YES;
				CLANG_WARN_DIRECT_OBJC_ISA_USAGE = YES_ERROR;
				CLANG_WARN_DOCUMENTATION_COMMENTS = YES;
				CLANG_WARN_EMPTY_BODY = YES;
				CLANG_WARN_ENUM_CONVERSION = YES;
				CLANG_WARN_INFINITE_RECURSION = YES;
				CLANG_WARN_INT_CONVERSION = YES;
				CLANG_WARN_NON_LITERAL_NULL_CONVERSION = YES;
				CLANG_WARN_OBJC_IMPLICIT_RETAIN_SELF = YES;
				CLANG_WARN_OBJC_LITERAL_CONVERSION = YES;
				CLANG_WARN_OBJC_ROOT_CLASS = YES_ERROR;
				CLANG_WARN_QUOTED_INCLUDE_IN_FRAMEWORK_HEADER = YES;
				CLANG_WARN_RANGE_LOOP_ANALYSIS = YES;
				CLANG_WARN_STRICT_PROTOTYPES = YES;
				CLANG_WARN_SUSPICIOUS_MOVE = YES;
				CLANG_WARN_UNGUARDED_AVAILABILITY = YES_AGGRESSIVE;
				CLANG_WARN_UNREACHABLE_CODE = YES;
				CLANG_WARN__DUPLICATE_METHOD_MATCH = YES;
				COPY_PHASE_STRIP = NO;
				DEBUG_INFORMATION_FORMAT = "dwarf-with-dsym";
				ENABLE_NS_ASSERTIONS = NO;
				ENABLE_STRICT_OBJC_MSGSEND = YES;
				GCC_C_LANGUAGE_STANDARD = gnu11;
				GCC_NO_COMMON_BLOCKS = YES;
				GCC_WARN_64_TO_32_BIT_CONVERSION = YES;
				GCC_WARN_ABOUT_RETURN_TYPE = YES_ERROR;
				GCC_WARN_UNDECLARED_SELECTOR = YES;
				GCC_WARN_UNINITIALIZED_AUTOS = YES_AGGRESSIVE;
				GCC_WARN_UNUSED_FUNCTION = YES;
				GCC_WARN_UNUSED_VARIABLE = YES;
				IPHONEOS_DEPLOYMENT_TARGET = 16.0;
				MTL_ENABLE_DEBUG_INFO = NO;
				MTL_FAST_MATH = YES;
				SDKROOT = iphoneos;
				SWIFT_COMPILATION_MODE = wholemodule;
				SWIFT_OPTIMIZATION_LEVEL = "-O";
				VALIDATE_PRODUCT = YES;
			};
			name = Release;
		};
		3C12057829E8263600CF0356 /* Debug */ = {
			isa = XCBuildConfiguration;
			buildSettings = {
				ASSETCATALOG_COMPILER_APPICON_NAME = AppIcon;
				ASSETCATALOG_COMPILER_GLOBAL_ACCENT_COLOR_NAME = AccentColor;
				CODE_SIGN_STYLE = Automatic;
				CURRENT_PROJECT_VERSION = 1;
				DEVELOPMENT_TEAM = J59PLV4WT4;
				GENERATE_INFOPLIST_FILE = YES;
				INFOPLIST_FILE = chatgpt/Info.plist;
				INFOPLIST_KEY_UIApplicationSupportsIndirectInputEvents = YES;
				INFOPLIST_KEY_UILaunchStoryboardName = LaunchScreen;
				INFOPLIST_KEY_UIMainStoryboardFile = Main;
				INFOPLIST_KEY_UISupportedInterfaceOrientations_iPad = "UIInterfaceOrientationPortrait UIInterfaceOrientationPortraitUpsideDown UIInterfaceOrientationLandscapeLeft UIInterfaceOrientationLandscapeRight";
				INFOPLIST_KEY_UISupportedInterfaceOrientations_iPhone = "UIInterfaceOrientationPortrait UIInterfaceOrientationLandscapeLeft UIInterfaceOrientationLandscapeRight";
				LD_RUNPATH_SEARCH_PATHS = (
					"$(inherited)",
					"@executable_path/Frameworks",
				);
				MARKETING_VERSION = 1.0;
				PRODUCT_BUNDLE_IDENTIFIER = com.estudies.chatgpt;
				PRODUCT_NAME = "$(TARGET_NAME)";
				SWIFT_EMIT_LOC_STRINGS = YES;
				SWIFT_VERSION = 5.0;
				TARGETED_DEVICE_FAMILY = "1,2";
			};
			name = Debug;
		};
		3C12057929E8263600CF0356 /* Release */ = {
			isa = XCBuildConfiguration;
			buildSettings = {
				ASSETCATALOG_COMPILER_APPICON_NAME = AppIcon;
				ASSETCATALOG_COMPILER_GLOBAL_ACCENT_COLOR_NAME = AccentColor;
				CODE_SIGN_STYLE = Automatic;
				CURRENT_PROJECT_VERSION = 1;
				DEVELOPMENT_TEAM = J59PLV4WT4;
				GENERATE_INFOPLIST_FILE = YES;
				INFOPLIST_FILE = chatgpt/Info.plist;
				INFOPLIST_KEY_UIApplicationSupportsIndirectInputEvents = YES;
				INFOPLIST_KEY_UILaunchStoryboardName = LaunchScreen;
				INFOPLIST_KEY_UIMainStoryboardFile = Main;
				INFOPLIST_KEY_UISupportedInterfaceOrientations_iPad = "UIInterfaceOrientationPortrait UIInterfaceOrientationPortraitUpsideDown UIInterfaceOrientationLandscapeLeft UIInterfaceOrientationLandscapeRight";
				INFOPLIST_KEY_UISupportedInterfaceOrientations_iPhone = "UIInterfaceOrientationPortrait UIInterfaceOrientationLandscapeLeft UIInterfaceOrientationLandscapeRight";
				LD_RUNPATH_SEARCH_PATHS = (
					"$(inherited)",
					"@executable_path/Frameworks",
				);
				MARKETING_VERSION = 1.0;
				PRODUCT_BUNDLE_IDENTIFIER = com.estudies.chatgpt;
				PRODUCT_NAME = "$(TARGET_NAME)";
				SWIFT_EMIT_LOC_STRINGS = YES;
				SWIFT_VERSION = 5.0;
				TARGETED_DEVICE_FAMILY = "1,2";
			};
			name = Release;
		};
		3C12057B29E8263600CF0356 /* Debug */ = {
			isa = XCBuildConfiguration;
			buildSettings = {
				ALWAYS_EMBED_SWIFT_STANDARD_LIBRARIES = YES;
				BUNDLE_LOADER = "$(TEST_HOST)";
				CODE_SIGN_STYLE = Automatic;
				CURRENT_PROJECT_VERSION = 1;
				DEVELOPMENT_TEAM = J59PLV4WT4;
				GENERATE_INFOPLIST_FILE = YES;
				IPHONEOS_DEPLOYMENT_TARGET = 16.0;
				MARKETING_VERSION = 1.0;
				PRODUCT_BUNDLE_IDENTIFIER = com.estudies.chatgptTests;
				PRODUCT_NAME = "$(TARGET_NAME)";
				SWIFT_EMIT_LOC_STRINGS = NO;
				SWIFT_VERSION = 5.0;
				TARGETED_DEVICE_FAMILY = "1,2";
				TEST_HOST = "$(BUILT_PRODUCTS_DIR)/chatgpt.app/$(BUNDLE_EXECUTABLE_FOLDER_PATH)/chatgpt";
			};
			name = Debug;
		};
		3C12057C29E8263600CF0356 /* Release */ = {
			isa = XCBuildConfiguration;
			buildSettings = {
				ALWAYS_EMBED_SWIFT_STANDARD_LIBRARIES = YES;
				BUNDLE_LOADER = "$(TEST_HOST)";
				CODE_SIGN_STYLE = Automatic;
				CURRENT_PROJECT_VERSION = 1;
				DEVELOPMENT_TEAM = J59PLV4WT4;
				GENERATE_INFOPLIST_FILE = YES;
				IPHONEOS_DEPLOYMENT_TARGET = 16.0;
				MARKETING_VERSION = 1.0;
				PRODUCT_BUNDLE_IDENTIFIER = com.estudies.chatgptTests;
				PRODUCT_NAME = "$(TARGET_NAME)";
				SWIFT_EMIT_LOC_STRINGS = NO;
				SWIFT_VERSION = 5.0;
				TARGETED_DEVICE_FAMILY = "1,2";
				TEST_HOST = "$(BUILT_PRODUCTS_DIR)/chatgpt.app/$(BUNDLE_EXECUTABLE_FOLDER_PATH)/chatgpt";
			};
			name = Release;
		};
		3C12057E29E8263600CF0356 /* Debug */ = {
			isa = XCBuildConfiguration;
			buildSettings = {
				ALWAYS_EMBED_SWIFT_STANDARD_LIBRARIES = YES;
				CODE_SIGN_STYLE = Automatic;
				CURRENT_PROJECT_VERSION = 1;
				DEVELOPMENT_TEAM = J59PLV4WT4;
				GENERATE_INFOPLIST_FILE = YES;
				MARKETING_VERSION = 1.0;
				PRODUCT_BUNDLE_IDENTIFIER = com.estudies.chatgptUITests;
				PRODUCT_NAME = "$(TARGET_NAME)";
				SWIFT_EMIT_LOC_STRINGS = NO;
				SWIFT_VERSION = 5.0;
				TARGETED_DEVICE_FAMILY = "1,2";
				TEST_TARGET_NAME = chatgpt;
			};
			name = Debug;
		};
		3C12057F29E8263600CF0356 /* Release */ = {
			isa = XCBuildConfiguration;
			buildSettings = {
				ALWAYS_EMBED_SWIFT_STANDARD_LIBRARIES = YES;
				CODE_SIGN_STYLE = Automatic;
				CURRENT_PROJECT_VERSION = 1;
				DEVELOPMENT_TEAM = J59PLV4WT4;
				GENERATE_INFOPLIST_FILE = YES;
				MARKETING_VERSION = 1.0;
				PRODUCT_BUNDLE_IDENTIFIER = com.estudies.chatgptUITests;
				PRODUCT_NAME = "$(TARGET_NAME)";
				SWIFT_EMIT_LOC_STRINGS = NO;
				SWIFT_VERSION = 5.0;
				TARGETED_DEVICE_FAMILY = "1,2";
				TEST_TARGET_NAME = chatgpt;
			};
			name = Release;
		};
/* End XCBuildConfiguration section */

/* Begin XCConfigurationList section */
		3C12054829E8263500CF0356 /* Build configuration list for PBXProject "chatgpt" */ = {
			isa = XCConfigurationList;
			buildConfigurations = (
				3C12057529E8263600CF0356 /* Debug */,
				3C12057629E8263600CF0356 /* Release */,
			);
			defaultConfigurationIsVisible = 0;
			defaultConfigurationName = Release;
		};
		3C12057729E8263600CF0356 /* Build configuration list for PBXNativeTarget "chatgpt" */ = {
			isa = XCConfigurationList;
			buildConfigurations = (
				3C12057829E8263600CF0356 /* Debug */,
				3C12057929E8263600CF0356 /* Release */,
			);
			defaultConfigurationIsVisible = 0;
			defaultConfigurationName = Release;
		};
		3C12057A29E8263600CF0356 /* Build configuration list for PBXNativeTarget "chatgptTests" */ = {
			isa = XCConfigurationList;
			buildConfigurations = (
				3C12057B29E8263600CF0356 /* Debug */,
				3C12057C29E8263600CF0356 /* Release */,
			);
			defaultConfigurationIsVisible = 0;
			defaultConfigurationName = Release;
		};
		3C12057D29E8263600CF0356 /* Build configuration list for PBXNativeTarget "chatgptUITests" */ = {
			isa = XCConfigurationList;
			buildConfigurations = (
				3C12057E29E8263600CF0356 /* Debug */,
				3C12057F29E8263600CF0356 /* Release */,
			);
			defaultConfigurationIsVisible = 0;
			defaultConfigurationName = Release;
		};
/* End XCConfigurationList section */
	};
	rootObject = 3C12054529E8263500CF0356 /* Project object */;
}
